
Microsoft Visual Studio Solution File, Format Version 12.00
Project("{FAE04EC0-301F-11D3-BF4B-00C04F79EFBC}") = "finalProject-api", "finalProject-api\finalProject-api.csproj", "{65B433D3-1722-4184-9267-4B3696DAE584}"
EndProject
Global
	GlobalSection(SolutionConfigurationPlatforms) = preSolution
		Debug|Any CPU = Debug|Any CPU
		Release|Any CPU = Release|Any CPU
	EndGlobalSection
	GlobalSection(ProjectConfigurationPlatforms) = postSolution
		{65B433D3-1722-4184-9267-4B3696DAE584}.Debug|Any CPU.ActiveCfg = Debug|Any CPU
		{65B433D3-1722-4184-9267-4B3696DAE584}.Debug|Any CPU.Build.0 = Debug|Any CPU
		{65B433D3-1722-4184-9267-4B3696DAE584}.Release|Any CPU.ActiveCfg = Release|Any CPU
		{65B433D3-1722-4184-9267-4B3696DAE584}.Release|Any CPU.Build.0 = Release|Any CPU
	EndGlobalSection
EndGlobal
